# THIS IS AN AUTOGENERATED FILE. DO NOT EDIT THIS FILE DIRECTLY.
# yarn lockfile v1


"@babel/runtime@^7.0.0":
  version "7.1.2"
  resolved "https://registry.yarnpkg.com/@babel/runtime/-/runtime-7.1.2.tgz#81c89935f4647706fc54541145e6b4ecfef4b8e3"
  dependencies:
    regenerator-runtime "^0.12.0"

"@types/async@2.0.50":
  version "2.0.50"
  resolved "https://registry.yarnpkg.com/@types/async/-/async-2.0.50.tgz#117540e026d64e1846093abbd5adc7e27fda7bcb"
  integrity sha512-VMhZMMQgV1zsR+lX/0IBfAk+8Eb7dPVMWiQGFAt3qjo5x7Ml6b77jUo0e1C3ToD+XRDXqtrfw+6AB0uUsPEr3Q==

"@types/zen-observable@^0.8.0":
  version "0.8.0"
  resolved "https://registry.yarnpkg.com/@types/zen-observable/-/zen-observable-0.8.0.tgz#8b63ab7f1aa5321248aad5ac890a485656dcea4d"
  integrity sha512-te5lMAWii1uEJ4FwLjzdlbw3+n0FZNOvFXHxQDKeT0dilh7HOzdMzV2TrJVUzq8ep7J4Na8OUYPRLSQkJHAlrg==

apollo-cache@1.1.21:
  version "1.1.21"
  resolved "https://registry.yarnpkg.com/apollo-cache/-/apollo-cache-1.1.21.tgz#950025e2272741ba8e5064419906e3ac4072925d"
  integrity sha512-5ErNb78KHtrJNimkDBTEigcvHkIqUmS7QJIk4lpZZ+XLVVgvk2fD+GhD1PLP+s8vHfAKVbO6vdbRxCCjGGrh5w==
  dependencies:
    apollo-utilities "^1.0.26"

apollo-client@^2.4.7:
  version "2.4.7"
  resolved "https://registry.yarnpkg.com/apollo-client/-/apollo-client-2.4.7.tgz#b6712fd4c9ba346e3c44cfec7e6868e532b6a957"
  integrity sha512-6aAm+16AFBYZhJF8eKxrup6AbYni01InDiwTfZhMMTP2xaXQWjsQnfaHbI2oE+hd3+AZFy1drkse8RZKghR/WQ==
  dependencies:
    "@types/zen-observable" "^0.8.0"
    apollo-cache "1.1.21"
    apollo-link "^1.0.0"
    apollo-link-dedup "^1.0.0"
    apollo-utilities "1.0.26"
    symbol-observable "^1.0.2"
    zen-observable "^0.8.0"
  optionalDependencies:
    "@types/async" "2.0.50"

apollo-link-dedup@^1.0.0:
  version "1.0.11"
  resolved "https://registry.yarnpkg.com/apollo-link-dedup/-/apollo-link-dedup-1.0.11.tgz#6f34ea748d2834850329ad03111ef18445232b05"
  integrity sha512-RcvkXR0CNbQcsw6LdrPksGa+9YjZ1ghk0k2PKal6rSBCyyqzokcBawXOtoMN8q+0FLR1dGs5GnAQVeucQuY28g==
  dependencies:
    apollo-link "^1.2.4"

apollo-link@^1.0.0, apollo-link@^1.2.4:
  version "1.2.4"
  resolved "https://registry.yarnpkg.com/apollo-link/-/apollo-link-1.2.4.tgz#ab4d21d2e428db848e88b5e8f4adc717b19c954b"
  integrity sha512-B1z+9H2nTyWEhMXRFSnoZ1vSuAYP+V/EdUJvRx9uZ8yuIBZMm6reyVtr1n0BWlKeSFyPieKJy2RLzmITAAQAMQ==
  dependencies:
    apollo-utilities "^1.0.0"
    zen-observable-ts "^0.8.11"

apollo-utilities@1.0.26, apollo-utilities@^1.0.0, apollo-utilities@^1.0.26:
  version "1.0.26"
  resolved "https://registry.yarnpkg.com/apollo-utilities/-/apollo-utilities-1.0.26.tgz#589c66bf4d16223531351cf667a230c787def1da"
  integrity sha512-URw7o3phymliqYCYatcird2YRPUU2eWCNvip64U9gQrX56mEfK4m99yBIDCMTpmcvOFsKLii1sIEZsHIs/bvnw==
  dependencies:
    fast-json-stable-stringify "^2.0.0"

asap@~2.0.3:
  version "2.0.6"
  resolved "https://registry.yarnpkg.com/asap/-/asap-2.0.6.tgz#e50347611d7e690943208bbdafebcbc2fb866d46"

babel-runtime@^6.11.6:
  version "6.26.0"
  resolved "https://registry.yarnpkg.com/babel-runtime/-/babel-runtime-6.26.0.tgz#965c7058668e82b55d7bfe04ff2337bc8b5647fe"
  dependencies:
    core-js "^2.4.0"
    regenerator-runtime "^0.11.0"

can-use-dom@^0.1.0:
  version "0.1.0"
  resolved "https://registry.yarnpkg.com/can-use-dom/-/can-use-dom-0.1.0.tgz#22cc4a34a0abc43950f42c6411024a3f6366b45a"

change-emitter@^0.1.2:
  version "0.1.6"
  resolved "https://registry.yarnpkg.com/change-emitter/-/change-emitter-0.1.6.tgz#e8b2fe3d7f1ab7d69a32199aff91ea6931409515"

classnames@^2.2.6:
  version "2.2.6"
  resolved "https://registry.yarnpkg.com/classnames/-/classnames-2.2.6.tgz#43935bffdd291f326dad0a205309b38d00f650ce"

core-js@^1.0.0:
  version "1.2.7"
  resolved "https://registry.yarnpkg.com/core-js/-/core-js-1.2.7.tgz#652294c14651db28fa93bd2d5ff2983a4f08c636"

core-js@^2.4.0, core-js@^2.4.1:
  version "2.5.7"
  resolved "https://registry.yarnpkg.com/core-js/-/core-js-2.5.7.tgz#f972608ff0cead68b841a16a932d0b183791814e"

country-iso-2-to-3@^1.0.1:
  version "1.0.1"
  resolved "https://registry.yarnpkg.com/country-iso-2-to-3/-/country-iso-2-to-3-1.0.1.tgz#b5af4bfd949df4ef81a00490a0d5455bedb236ef"

country-iso-3-to-2@1.0.0:
  version "1.0.0"
  resolved "https://registry.yarnpkg.com/country-iso-3-to-2/-/country-iso-3-to-2-1.0.0.tgz#f856363d7421e9690ae9209f87978f628ec6cbac"
  integrity sha512-0sTmbgX7z7C5VWrdAo4rVllLmlWLdepfugE8INAp2ACsxN/MY+1RGvK/FFaTnX/6jWZFzY2le3IqK9ikOSBvxg==

decode-uri-component@^0.2.0:
  version "0.2.0"
  resolved "https://registry.yarnpkg.com/decode-uri-component/-/decode-uri-component-0.2.0.tgz#eb3913333458775cb84cd1a1fae062106bb87545"

encoding@^0.1.11:
  version "0.1.12"
  resolved "https://registry.yarnpkg.com/encoding/-/encoding-0.1.12.tgz#538b66f3ee62cd1ab51ec323829d1f9480c74beb"
  dependencies:
    iconv-lite "~0.4.13"

fast-json-stable-stringify@^2.0.0:
  version "2.0.0"
  resolved "https://registry.yarnpkg.com/fast-json-stable-stringify/-/fast-json-stable-stringify-2.0.0.tgz#d5142c0caee6b1189f87d3a76111064f86c8bbf2"
  integrity sha1-1RQsDK7msRifh9OnYREGT4bIu/I=

fbjs-css-vars@^1.0.0:
  version "1.0.1"
  resolved "https://registry.yarnpkg.com/fbjs-css-vars/-/fbjs-css-vars-1.0.1.tgz#836d876e887d702f45610f5ebd2fbeef649527fc"
  integrity sha512-IM+v/C40MNZWqsLErc32e0TyIk/NhkkQZL0QmjBh6zi1eXv0/GeVKmKmueQX7nn9SXQBQbTUcB8zuexIF3/88w==

fbjs@^0.8.1:
  version "0.8.17"
  resolved "https://registry.yarnpkg.com/fbjs/-/fbjs-0.8.17.tgz#c4d598ead6949112653d6588b01a5cdcd9f90fdd"
  dependencies:
    core-js "^1.0.0"
    isomorphic-fetch "^2.1.1"
    loose-envify "^1.0.0"
    object-assign "^4.1.0"
    promise "^7.1.1"
    setimmediate "^1.0.5"
    ua-parser-js "^0.7.18"

fbjs@^1.0.0:
  version "1.0.0"
  resolved "https://registry.yarnpkg.com/fbjs/-/fbjs-1.0.0.tgz#52c215e0883a3c86af2a7a776ed51525ae8e0a5a"
  integrity sha512-MUgcMEJaFhCaF1QtWGnmq9ZDRAzECTCRAF7O6UZIlAlkTs1SasiX9aP0Iw7wfD2mJ7wDTNfg2w7u5fSCwJk1OA==
  dependencies:
    core-js "^2.4.1"
    fbjs-css-vars "^1.0.0"
    isomorphic-fetch "^2.1.1"
    loose-envify "^1.0.0"
    object-assign "^4.1.0"
    promise "^7.1.1"
    setimmediate "^1.0.5"
    ua-parser-js "^0.7.18"

google-maps-infobox@^2.0.0:
  version "2.0.0"
  resolved "https://registry.yarnpkg.com/google-maps-infobox/-/google-maps-infobox-2.0.0.tgz#1ea6de93c0cdf4138c2d586331835c83dcc59dc2"

hoist-non-react-statics@^2.3.1:
  version "2.5.5"
  resolved "https://registry.yarnpkg.com/hoist-non-react-statics/-/hoist-non-react-statics-2.5.5.tgz#c5903cf409c0dfd908f388e619d86b9c1174cb47"

hoist-non-react-statics@^3.0.0, hoist-non-react-statics@^3.1.0:
  version "3.2.0"
  resolved "https://registry.yarnpkg.com/hoist-non-react-statics/-/hoist-non-react-statics-3.2.0.tgz#d21b9fc72b50fdc38c5d88f6e2c52f2c2dbe5ee2"
  integrity sha512-3IascCRfaEkbmHjJnUxWSspIUE1okLPjGTMVXW8zraUo1t3yg1BadKAxAGILHwgoBzmMnzrgeeaDGBvpuPz6dA==
  dependencies:
    react-is "^16.3.2"

iconv-lite@~0.4.13:
  version "0.4.24"
  resolved "https://registry.yarnpkg.com/iconv-lite/-/iconv-lite-0.4.24.tgz#2022b4b25fbddc21d2f524974a474aafe733908b"
  dependencies:
    safer-buffer ">= 2.1.2 < 3"

invariant@^2.2.1, invariant@^2.2.2:
  version "2.2.4"
  resolved "https://registry.yarnpkg.com/invariant/-/invariant-2.2.4.tgz#610f3c92c9359ce1db616e538008d23ff35158e6"
  dependencies:
    loose-envify "^1.0.0"

is-stream@^1.0.1:
  version "1.1.0"
  resolved "https://registry.yarnpkg.com/is-stream/-/is-stream-1.1.0.tgz#12d4a3dd4e68e0b79ceb8dbc84173ae80d91ca44"

isomorphic-fetch@^2.1.1:
  version "2.2.1"
  resolved "https://registry.yarnpkg.com/isomorphic-fetch/-/isomorphic-fetch-2.2.1.tgz#611ae1acf14f5e81f729507472819fe9733558a9"
  dependencies:
    node-fetch "^1.0.1"
    whatwg-fetch ">=0.10.0"

"js-tokens@^3.0.0 || ^4.0.0":
  version "4.0.0"
  resolved "https://registry.yarnpkg.com/js-tokens/-/js-tokens-4.0.0.tgz#19203fb59991df98e3a287050d4647cdeaf32499"

libphonenumber-js@^1.7.14:
  version "1.7.14"
  resolved "https://registry.yarnpkg.com/libphonenumber-js/-/libphonenumber-js-1.7.14.tgz#e1182323a780db1bd704495355a858e3f40e9293"
  integrity sha512-rxMNAy0zu/X2c4Js7+E/YMlEU8dBRSQuJ//WV5HafvxZlPeifg5ihVR2xVpLS+e8D4MY9htQ9FeMImlRtN18ng==
  dependencies:
    minimist "^1.2.0"
    semver-compare "^1.0.0"
    xml2js "^0.4.17"

lodash.flowright@^3.5.0:
  version "3.5.0"
  resolved "https://registry.yarnpkg.com/lodash.flowright/-/lodash.flowright-3.5.0.tgz#2b5fff399716d7e7dc5724fe9349f67065184d67"
  integrity sha1-K1//OZcW1+fcVyT+k0n2cGUYTWc=

lodash.isequal@^4.5.0:
  version "4.5.0"
  resolved "https://registry.yarnpkg.com/lodash.isequal/-/lodash.isequal-4.5.0.tgz#415c4478f2bcc30120c22ce10ed3226f7d3e18e0"
  integrity sha1-QVxEePK8wwEgwizhDtMib30+GOA=

lodash@^4.16.2:
  version "4.17.11"
  resolved "https://registry.yarnpkg.com/lodash/-/lodash-4.17.11.tgz#b39ea6229ef607ecd89e2c8df12536891cac9b8d"

loose-envify@^1.0.0, loose-envify@^1.3.1:
  version "1.4.0"
  resolved "https://registry.yarnpkg.com/loose-envify/-/loose-envify-1.4.0.tgz#71ee51fa7be4caec1a63839f7e682d8132d30caf"
  dependencies:
    js-tokens "^3.0.0 || ^4.0.0"

marker-clusterer-plus@^2.1.4:
  version "2.1.4"
  resolved "https://registry.yarnpkg.com/marker-clusterer-plus/-/marker-clusterer-plus-2.1.4.tgz#f8eff74d599dab3b7d0e3fed5264ea0e704f5d67"

markerwithlabel@^2.0.1:
  version "2.0.2"
  resolved "https://registry.yarnpkg.com/markerwithlabel/-/markerwithlabel-2.0.2.tgz#fa6aee4abb0ee553e24e2b708226858f58b8729e"

minimist@^1.2.0:
  version "1.2.0"
  resolved "https://registry.yarnpkg.com/minimist/-/minimist-1.2.0.tgz#a35008b20f41383eec1fb914f4cd5df79a264284"
  integrity sha1-o1AIsg9BOD7sH7kU9M1d95omQoQ=

node-fetch@^1.0.1:
  version "1.7.3"
  resolved "https://registry.yarnpkg.com/node-fetch/-/node-fetch-1.7.3.tgz#980f6f72d85211a5347c6b2bc18c5b84c3eb47ef"
  dependencies:
    encoding "^0.1.11"
    is-stream "^1.0.1"

object-assign@^4.1.0, object-assign@^4.1.1:
  version "4.1.1"
  resolved "https://registry.yarnpkg.com/object-assign/-/object-assign-4.1.1.tgz#2109adc7965887cfc05cbbd442cac8bfbb360863"

promise@^7.1.1:
  version "7.3.1"
  resolved "https://registry.yarnpkg.com/promise/-/promise-7.3.1.tgz#064b72602b18f90f29192b8b1bc418ffd1ebd3bf"
  dependencies:
    asap "~2.0.3"

prop-types@^15.5.8, prop-types@^15.6.0:
  version "15.6.2"
  resolved "https://registry.yarnpkg.com/prop-types/-/prop-types-15.6.2.tgz#05d5ca77b4453e985d60fc7ff8c859094a497102"
  dependencies:
    loose-envify "^1.3.1"
    object-assign "^4.1.1"

query-string@^6.2.0:
  version "6.2.0"
  resolved "https://registry.yarnpkg.com/query-string/-/query-string-6.2.0.tgz#468edeb542b7e0538f9f9b1aeb26f034f19c86e1"
  integrity sha512-5wupExkIt8RYL4h/FE+WTg3JHk62e6fFPWtAZA9J5IWK1PfTfKkMS93HBUHcFpeYi9KsY5pFbh+ldvEyaz5MyA==
  dependencies:
    decode-uri-component "^0.2.0"
    strict-uri-encode "^2.0.0"

ramda@^0.26.1:
  version "0.26.1"
  resolved "https://registry.yarnpkg.com/ramda/-/ramda-0.26.1.tgz#8d41351eb8111c55353617fc3bbffad8e4d35d06"
  integrity sha512-hLWjpy7EnsDBb0p+Z3B7rPi3GDeRG5ZtiI33kJhTt+ORCd38AbAIjB/9zRIUoeTbE/AVX5ZkU7m6bznsvrf8eQ==

react-apollo@^2.3.2:
  version "2.3.2"
  resolved "https://registry.yarnpkg.com/react-apollo/-/react-apollo-2.3.2.tgz#b8e287d2813722b9e0a886cabf8149ab3b84a3b7"
  integrity sha512-3lU9iqmj4KMIZvlWWSuLihxMGLEAL6oNmnSTWrb3/mRP36Zy0zJD4rdaonDx4WzqFYQAnUPaOiFnHGp0UQUTwA==
  dependencies:
    fbjs "^1.0.0"
    hoist-non-react-statics "^3.0.0"
    invariant "^2.2.2"
    lodash.flowright "^3.5.0"
    lodash.isequal "^4.5.0"
    prop-types "^15.6.0"

react-content-loader@^3.2.0:
  version "3.2.0"
  resolved "https://registry.yarnpkg.com/react-content-loader/-/react-content-loader-3.2.0.tgz#39a6a035a5dddc2270432c1df7950e37f179dcf2"

react-google-maps@^9.4.5:
  version "9.4.5"
  resolved "https://registry.yarnpkg.com/react-google-maps/-/react-google-maps-9.4.5.tgz#920c199bdc925e0ce93880edffb09428d263aafa"
  dependencies:
    babel-runtime "^6.11.6"
    can-use-dom "^0.1.0"
    google-maps-infobox "^2.0.0"
    invariant "^2.2.1"
    lodash "^4.16.2"
    marker-clusterer-plus "^2.1.4"
    markerwithlabel "^2.0.1"
    prop-types "^15.5.8"
    recompose "^0.26.0"
    scriptjs "^2.5.8"
    warning "^3.0.0"

react-is@^16.3.2:
  version "16.6.3"
  resolved "https://registry.yarnpkg.com/react-is/-/react-is-16.6.3.tgz#d2d7462fcfcbe6ec0da56ad69047e47e56e7eac0"
  integrity sha512-u7FDWtthB4rWibG/+mFbVd5FvdI20yde86qKGx4lVUTWmPlSWQ4QxbBIrrs+HnXGbxOUlUzTAP/VDmvCwaP2yA==

react-lifecycles-compat@^3.0.2:
  version "3.0.4"
  resolved "https://registry.yarnpkg.com/react-lifecycles-compat/-/react-lifecycles-compat-3.0.4.tgz#4f1a273afdfc8f3488a8c516bfda78f872352362"

recompose@^0.26.0:
  version "0.26.0"
  resolved "https://registry.yarnpkg.com/recompose/-/recompose-0.26.0.tgz#9babff039cb72ba5bd17366d55d7232fbdfb2d30"
  dependencies:
    change-emitter "^0.1.2"
    fbjs "^0.8.1"
    hoist-non-react-statics "^2.3.1"
    symbol-observable "^1.0.4"

recompose@^0.30.0:
  version "0.30.0"
  resolved "https://registry.yarnpkg.com/recompose/-/recompose-0.30.0.tgz#82773641b3927e8c7d24a0d87d65aeeba18aabd0"
  dependencies:
    "@babel/runtime" "^7.0.0"
    change-emitter "^0.1.2"
    fbjs "^0.8.1"
    hoist-non-react-statics "^2.3.1"
    react-lifecycles-compat "^3.0.2"
    symbol-observable "^1.0.4"

regenerator-runtime@^0.11.0:
  version "0.11.1"
  resolved "https://registry.yarnpkg.com/regenerator-runtime/-/regenerator-runtime-0.11.1.tgz#be05ad7f9bf7d22e056f9726cee5017fbf19e2e9"

regenerator-runtime@^0.12.0:
  version "0.12.1"
  resolved "https://registry.yarnpkg.com/regenerator-runtime/-/regenerator-runtime-0.12.1.tgz#fa1a71544764c036f8c49b13a08b2594c9f8a0de"

"safer-buffer@>= 2.1.2 < 3":
  version "2.1.2"
  resolved "https://registry.yarnpkg.com/safer-buffer/-/safer-buffer-2.1.2.tgz#44fa161b0187b9549dd84bb91802f9bd8385cd6a"

sax@>=0.6.0:
  version "1.2.4"
  resolved "https://registry.yarnpkg.com/sax/-/sax-1.2.4.tgz#2816234e2378bddc4e5354fab5caa895df7100d9"
  integrity sha512-NqVDv9TpANUjFm0N8uM5GxL36UgKi9/atZw+x7YFnQ8ckwFGKrl4xX4yWtrey3UJm5nP1kUbnYgLopqWNSRhWw==

scriptjs@^2.5.8:
  version "2.5.8"
  resolved "https://registry.yarnpkg.com/scriptjs/-/scriptjs-2.5.8.tgz#d0c43955c2e6bad33b6e4edf7b53b8965aa7ca5f"

semver-compare@^1.0.0:
  version "1.0.0"
  resolved "https://registry.yarnpkg.com/semver-compare/-/semver-compare-1.0.0.tgz#0dee216a1c941ab37e9efb1788f6afc5ff5537fc"
  integrity sha1-De4hahyUGrN+nvsXiPavxf9VN/w=

setimmediate@^1.0.5:
  version "1.0.5"
  resolved "https://registry.yarnpkg.com/setimmediate/-/setimmediate-1.0.5.tgz#290cbb232e306942d7d7ea9b83732ab7856f8285"

strict-uri-encode@^2.0.0:
  version "2.0.0"
  resolved "https://registry.yarnpkg.com/strict-uri-encode/-/strict-uri-encode-2.0.0.tgz#b9c7330c7042862f6b142dc274bbcc5866ce3546"

svg-country-flags@^1.2.6:
  version "1.2.6"
  resolved "https://registry.yarnpkg.com/svg-country-flags/-/svg-country-flags-1.2.6.tgz#d979895dc50245e025e1298af4e4472565645207"
  integrity sha512-loHSF5qIEXoUgcXxLBlGG2eczDvqjzhyjdu2cIxcuHbJDGPUFBIsKnlp3N/+KBhaIZWbpksoczghkJsyJxbSGQ==

symbol-observable@^1.0.2, symbol-observable@^1.0.4:
  version "1.2.0"
  resolved "https://registry.yarnpkg.com/symbol-observable/-/symbol-observable-1.2.0.tgz#c22688aed4eab3cdc2dfeacbb561660560a00804"

ua-parser-js@^0.7.18:
  version "0.7.18"
  resolved "https://registry.yarnpkg.com/ua-parser-js/-/ua-parser-js-0.7.18.tgz#a7bfd92f56edfb117083b69e31d2aa8882d4b1ed"

warning@^3.0.0:
  version "3.0.0"
  resolved "https://registry.yarnpkg.com/warning/-/warning-3.0.0.tgz#32e5377cb572de4ab04753bdf8821c01ed605b7c"
  dependencies:
    loose-envify "^1.0.0"

whatwg-fetch@>=0.10.0:
  version "3.0.0"
  resolved "https://registry.yarnpkg.com/whatwg-fetch/-/whatwg-fetch-3.0.0.tgz#fc804e458cc460009b1a2b966bc8817d2578aefb"

xml2js@^0.4.17:
  version "0.4.19"
  resolved "https://registry.yarnpkg.com/xml2js/-/xml2js-0.4.19.tgz#686c20f213209e94abf0d1bcf1efaa291c7827a7"
  integrity sha512-esZnJZJOiJR9wWKMyuvSE1y6Dq5LCuJanqhxslH2bxM6duahNZ+HMpCLhBQGZkbX6xRf8x1Y2eJlgt2q3qo49Q==
  dependencies:
    sax ">=0.6.0"
    xmlbuilder "~9.0.1"

xmlbuilder@~9.0.1:
  version "9.0.7"
  resolved "https://registry.yarnpkg.com/xmlbuilder/-/xmlbuilder-9.0.7.tgz#132ee63d2ec5565c557e20f4c22df9aca686b10d"
  integrity sha1-Ey7mPS7FVlxVfiD0wi35rKaGsQ0=

zen-observable-ts@^0.8.11:
  version "0.8.11"
  resolved "https://registry.yarnpkg.com/zen-observable-ts/-/zen-observable-ts-0.8.11.tgz#d54a27cd17dc4b4bb6bd008e5c096af7fcb068a9"
  integrity sha512-8bs7rgGV4kz5iTb9isudkuQjtWwPnQ8lXq6/T76vrepYZVMsDEv6BXaEA+DHdJSK3KVLduagi9jSpSAJ5NgKHw==
  dependencies:
    zen-observable "^0.8.0"

zen-observable@^0.8.0:
  version "0.8.11"
  resolved "https://registry.yarnpkg.com/zen-observable/-/zen-observable-0.8.11.tgz#d3415885eeeb42ee5abb9821c95bb518fcd6d199"
  integrity sha512-N3xXQVr4L61rZvGMpWe8XoCGX8vhU35dPyQ4fm5CY/KDlG0F75un14hjbckPXTDuKUY6V0dqR2giT6xN8Y4GEQ==
